
Microsoft Visual Studio Solution File, Format Version 12.00
# Visual Studio Version 17
VisualStudioVersion = 17.8.34330.188
MinimumVisualStudioVersion = 10.0.40219.1
Project("{FAE04EC0-301F-11D3-BF4B-00C04F79EFBC}") = "VueWithASP.Server", "VueWithASP.Server\VueWithASP.Server.csproj", "{887DFF31-6679-48C1-9E85-00C3EDAFCE50}"
EndProject
Project("{54A90642-561A-4BB1-A94E-469ADEE60C69}") = "vuewithasp.client", "vuewithasp.client\vuewithasp.client.esproj", "{9C9DE789-D5E3-42FE-9F2F-738DC0F0EA8F}"
EndProject
Global
	GlobalSection(SolutionConfigurationPlatforms) = preSolution
		Debug|Any CPU = Debug|Any CPU
		Release|Any CPU = Release|Any CPU
	EndGlobalSection
	GlobalSection(ProjectConfigurationPlatforms) = postSolution
		{887DFF31-6679-48C1-9E85-00C3EDAFCE50}.Debug|Any CPU.ActiveCfg = Debug|Any CPU
		{887DFF31-6679-48C1-9E85-00C3EDAFCE50}.Debug|Any CPU.Build.0 = Debug|Any CPU
		{887DFF31-6679-48C1-9E85-00C3EDAFCE50}.Release|Any CPU.ActiveCfg = Release|Any CPU
		{887DFF31-6679-48C1-9E85-00C3EDAFCE50}.Release|Any CPU.Build.0 = Release|Any CPU
		{9C9DE789-D5E3-42FE-9F2F-738DC0F0EA8F}.Debug|Any CPU.ActiveCfg = Debug|Any CPU
		{9C9DE789-D5E3-42FE-9F2F-738DC0F0EA8F}.Debug|Any CPU.Build.0 = Debug|Any CPU
		{9C9DE789-D5E3-42FE-9F2F-738DC0F0EA8F}.Debug|Any CPU.Deploy.0 = Debug|Any CPU
		{9C9DE789-D5E3-42FE-9F2F-738DC0F0EA8F}.Release|Any CPU.ActiveCfg = Release|Any CPU
		{9C9DE789-D5E3-42FE-9F2F-738DC0F0EA8F}.Release|Any CPU.Build.0 = Release|Any CPU
		{9C9DE789-D5E3-42FE-9F2F-738DC0F0EA8F}.Release|Any CPU.Deploy.0 = Release|Any CPU
	EndGlobalSection
	GlobalSection(SolutionProperties) = preSolution
		HideSolutionNode = FALSE
	EndGlobalSection
	GlobalSection(ExtensibilityGlobals) = postSolution
		SolutionGuid = {79A740C4-49D6-47C4-A61A-47C57EB2C7CC}
	EndGlobalSection
EndGlobal
